
Microsoft Visual Studio Solution File, Format Version 12.00
# Visual Studio Version 17
VisualStudioVersion = 17.1.32328.378
MinimumVisualStudioVersion = 10.0.40219.1
Project("{FAE04EC0-301F-11D3-BF4B-00C04F79EFBC}") = "A4C_2022_CS_D08_01", "A4C_2022_CS_D08_01\A4C_2022_CS_D08_01.csproj", "{C18526A5-8401-4D63-B5EE-D0007E38F820}"
EndProject
Global
	GlobalSection(SolutionConfigurationPlatforms) = preSolution
		Debug|Any CPU = Debug|Any CPU
		Release|Any CPU = Release|Any CPU
	EndGlobalSection
	GlobalSection(ProjectConfigurationPlatforms) = postSolution
		{C18526A5-8401-4D63-B5EE-D0007E38F820}.Debug|Any CPU.ActiveCfg = Debug|Any CPU
		{C18526A5-8401-4D63-B5EE-D0007E38F820}.Debug|Any CPU.Build.0 = Debug|Any CPU
		{C18526A5-8401-4D63-B5EE-D0007E38F820}.Release|Any CPU.ActiveCfg = Release|Any CPU
		{C18526A5-8401-4D63-B5EE-D0007E38F820}.Release|Any CPU.Build.0 = Release|Any CPU
	EndGlobalSection
	GlobalSection(SolutionProperties) = preSolution
		HideSolutionNode = FALSE
	EndGlobalSection
	GlobalSection(ExtensibilityGlobals) = postSolution
		SolutionGuid = {889808F1-FB38-403A-933C-5133364AAAE8}
	EndGlobalSection
EndGlobal
