
Microsoft Visual Studio Solution File, Format Version 12.00
# Visual Studio Version 17
VisualStudioVersion = 17.1.32328.378
MinimumVisualStudioVersion = 10.0.40219.1
Project("{FAE04EC0-301F-11D3-BF4B-00C04F79EFBC}") = "A4D_2022_CS_D03_01", "A4D_2022_CS_D03_01\A4D_2022_CS_D03_01.csproj", "{80B70B0E-A9F6-471A-BB15-70BFFE3AB4A5}"
EndProject
Global
	GlobalSection(SolutionConfigurationPlatforms) = preSolution
		Debug|Any CPU = Debug|Any CPU
		Release|Any CPU = Release|Any CPU
	EndGlobalSection
	GlobalSection(ProjectConfigurationPlatforms) = postSolution
		{80B70B0E-A9F6-471A-BB15-70BFFE3AB4A5}.Debug|Any CPU.ActiveCfg = Debug|Any CPU
		{80B70B0E-A9F6-471A-BB15-70BFFE3AB4A5}.Debug|Any CPU.Build.0 = Debug|Any CPU
		{80B70B0E-A9F6-471A-BB15-70BFFE3AB4A5}.Release|Any CPU.ActiveCfg = Release|Any CPU
		{80B70B0E-A9F6-471A-BB15-70BFFE3AB4A5}.Release|Any CPU.Build.0 = Release|Any CPU
	EndGlobalSection
	GlobalSection(SolutionProperties) = preSolution
		HideSolutionNode = FALSE
	EndGlobalSection
	GlobalSection(ExtensibilityGlobals) = postSolution
		SolutionGuid = {B0CEEC45-B531-49D9-A53F-A3346D9296DE}
	EndGlobalSection
EndGlobal
