
Microsoft Visual Studio Solution File, Format Version 12.00
# Visual Studio Version 17
VisualStudioVersion = 17.1.32328.378
MinimumVisualStudioVersion = 10.0.40219.1
Project("{FAE04EC0-301F-11D3-BF4B-00C04F79EFBC}") = "A4C_2022_CS_D01_01", "A4C_2022_CS_D01_01\A4C_2022_CS_D01_01.csproj", "{9B500E6E-E70D-48CC-9751-FE8C52F13799}"
EndProject
Global
	GlobalSection(SolutionConfigurationPlatforms) = preSolution
		Debug|Any CPU = Debug|Any CPU
		Release|Any CPU = Release|Any CPU
	EndGlobalSection
	GlobalSection(ProjectConfigurationPlatforms) = postSolution
		{9B500E6E-E70D-48CC-9751-FE8C52F13799}.Debug|Any CPU.ActiveCfg = Debug|Any CPU
		{9B500E6E-E70D-48CC-9751-FE8C52F13799}.Debug|Any CPU.Build.0 = Debug|Any CPU
		{9B500E6E-E70D-48CC-9751-FE8C52F13799}.Release|Any CPU.ActiveCfg = Release|Any CPU
		{9B500E6E-E70D-48CC-9751-FE8C52F13799}.Release|Any CPU.Build.0 = Release|Any CPU
	EndGlobalSection
	GlobalSection(SolutionProperties) = preSolution
		HideSolutionNode = FALSE
	EndGlobalSection
	GlobalSection(ExtensibilityGlobals) = postSolution
		SolutionGuid = {9099252F-842B-4F70-BE26-BF3C36874B42}
	EndGlobalSection
EndGlobal
