
Microsoft Visual Studio Solution File, Format Version 12.00
# Visual Studio Version 17
VisualStudioVersion = 17.1.32328.378
MinimumVisualStudioVersion = 10.0.40219.1
Project("{FAE04EC0-301F-11D3-BF4B-00C04F79EFBC}") = "A4D_2022_CS_D06_01", "A4D_2022_CS_D06_01\A4D_2022_CS_D06_01.csproj", "{CB4285A9-EE58-4DE5-AA74-F67D55FB83A3}"
EndProject
Global
	GlobalSection(SolutionConfigurationPlatforms) = preSolution
		Debug|Any CPU = Debug|Any CPU
		Release|Any CPU = Release|Any CPU
	EndGlobalSection
	GlobalSection(ProjectConfigurationPlatforms) = postSolution
		{CB4285A9-EE58-4DE5-AA74-F67D55FB83A3}.Debug|Any CPU.ActiveCfg = Debug|Any CPU
		{CB4285A9-EE58-4DE5-AA74-F67D55FB83A3}.Debug|Any CPU.Build.0 = Debug|Any CPU
		{CB4285A9-EE58-4DE5-AA74-F67D55FB83A3}.Release|Any CPU.ActiveCfg = Release|Any CPU
		{CB4285A9-EE58-4DE5-AA74-F67D55FB83A3}.Release|Any CPU.Build.0 = Release|Any CPU
	EndGlobalSection
	GlobalSection(SolutionProperties) = preSolution
		HideSolutionNode = FALSE
	EndGlobalSection
	GlobalSection(ExtensibilityGlobals) = postSolution
		SolutionGuid = {85977052-267C-436F-8821-721AB65346C8}
	EndGlobalSection
EndGlobal
